
Microsoft Visual Studio Solution File, Format Version 12.00
# Visual Studio Version 16
VisualStudioVersion = 16.0.30611.23
MinimumVisualStudioVersion = 10.0.40219.1
Project("{FAE04EC0-301F-11D3-BF4B-00C04F79EFBC}") = "PresentsWinForm", "PresentsWinForm\PresentsWinForm.csproj", "{1C01D553-EA21-4FB8-9A68-CF427DE98FEE}"
EndProject
Global
	GlobalSection(SolutionConfigurationPlatforms) = preSolution
		Debug|Any CPU = Debug|Any CPU
		Release|Any CPU = Release|Any CPU
	EndGlobalSection
	GlobalSection(ProjectConfigurationPlatforms) = postSolution
		{1C01D553-EA21-4FB8-9A68-CF427DE98FEE}.Debug|Any CPU.ActiveCfg = Debug|Any CPU
		{1C01D553-EA21-4FB8-9A68-CF427DE98FEE}.Debug|Any CPU.Build.0 = Debug|Any CPU
		{1C01D553-EA21-4FB8-9A68-CF427DE98FEE}.Release|Any CPU.ActiveCfg = Release|Any CPU
		{1C01D553-EA21-4FB8-9A68-CF427DE98FEE}.Release|Any CPU.Build.0 = Release|Any CPU
	EndGlobalSection
	GlobalSection(SolutionProperties) = preSolution
		HideSolutionNode = FALSE
	EndGlobalSection
	GlobalSection(ExtensibilityGlobals) = postSolution
		SolutionGuid = {734CF81C-2AD9-4D0B-AE69-C1A16F7D0E0E}
	EndGlobalSection
EndGlobal
